
Microsoft Visual Studio Solution File, Format Version 12.00
Project("{FAE04EC0-301F-11D3-BF4B-00C04F79EFBC}") = "ProcessComments", "ProcessComments\ProcessComments.csproj", "{556EA360-F264-4792-9144-F40D76A85C96}"
EndProject
Global
	GlobalSection(SolutionConfigurationPlatforms) = preSolution
		Debug|Any CPU = Debug|Any CPU
		Release|Any CPU = Release|Any CPU
	EndGlobalSection
	GlobalSection(ProjectConfigurationPlatforms) = postSolution
		{556EA360-F264-4792-9144-F40D76A85C96}.Debug|Any CPU.ActiveCfg = Debug|Any CPU
		{556EA360-F264-4792-9144-F40D76A85C96}.Debug|Any CPU.Build.0 = Debug|Any CPU
		{556EA360-F264-4792-9144-F40D76A85C96}.Release|Any CPU.ActiveCfg = Release|Any CPU
		{556EA360-F264-4792-9144-F40D76A85C96}.Release|Any CPU.Build.0 = Release|Any CPU
	EndGlobalSection
EndGlobal
